
Microsoft Visual Studio Solution File, Format Version 12.00
# Visual Studio 15
VisualStudioVersion = 15.0.28307.136
MinimumVisualStudioVersion = 10.0.40219.1
Project("{888888A0-9F3D-457C-B088-3A5042F75D52}") = "RPRBlender", "src\RPRBlender.pyproj", "{9865C05A-7858-4FCD-87D9-77609E0EEFE9}"
EndProject
Global
	GlobalSection(SolutionConfigurationPlatforms) = preSolution
		Debug|Any CPU = Debug|Any CPU
		Release|Any CPU = Release|Any CPU
	EndGlobalSection
	GlobalSection(ProjectConfigurationPlatforms) = postSolution
		{9865C05A-7858-4FCD-87D9-77609E0EEFE9}.Debug|Any CPU.ActiveCfg = Debug|Any CPU
		{9865C05A-7858-4FCD-87D9-77609E0EEFE9}.Release|Any CPU.ActiveCfg = Release|Any CPU
	EndGlobalSection
	GlobalSection(SolutionProperties) = preSolution
		HideSolutionNode = FALSE
	EndGlobalSection
	GlobalSection(ExtensibilityGlobals) = postSolution
		SolutionGuid = {E32BDE9D-1867-4552-840E-C340BEB4F389}
	EndGlobalSection
EndGlobal
