
Microsoft Visual Studio Solution File, Format Version 12.00
# Visual Studio 14
VisualStudioVersion = 14.0.24720.0
MinimumVisualStudioVersion = 10.0.40219.1
Project("{930C7802-8A8C-48F9-8165-68863BCCD9DD}") = "PluginInstaller", "PluginInstaller\PluginInstaller.wixproj", "{858D0E71-3CE0-43D0-ABE8-937D9A0B3FF5}"
	ProjectSection(ProjectDependencies) = postProject
		{854BFA31-FBFF-4ABA-A3DE-7BABADA75848} = {854BFA31-FBFF-4ABA-A3DE-7BABADA75848}
	EndProjectSection
EndProject
Project("{8BC9CEB8-8B4A-11D0-8D11-00A0C91BC942}") = "PluginInstallerDll", "PluginInstallerDll\PluginInstallerDll.vcxproj", "{854BFA31-FBFF-4ABA-A3DE-7BABADA75848}"
EndProject
Global
	GlobalSection(SolutionConfigurationPlatforms) = preSolution
		Debug|x64 = Debug|x64
		Release|x64 = Release|x64
	EndGlobalSection
	GlobalSection(ProjectConfigurationPlatforms) = postSolution
		{858D0E71-3CE0-43D0-ABE8-937D9A0B3FF5}.Debug|x64.ActiveCfg = Debug|x64
		{858D0E71-3CE0-43D0-ABE8-937D9A0B3FF5}.Debug|x64.Build.0 = Debug|x64
		{858D0E71-3CE0-43D0-ABE8-937D9A0B3FF5}.Release|x64.ActiveCfg = Release|x64
		{858D0E71-3CE0-43D0-ABE8-937D9A0B3FF5}.Release|x64.Build.0 = Release|x64
		{854BFA31-FBFF-4ABA-A3DE-7BABADA75848}.Debug|x64.ActiveCfg = Debug|x64
		{854BFA31-FBFF-4ABA-A3DE-7BABADA75848}.Debug|x64.Build.0 = Debug|x64
		{854BFA31-FBFF-4ABA-A3DE-7BABADA75848}.Release|x64.ActiveCfg = Release|x64
		{854BFA31-FBFF-4ABA-A3DE-7BABADA75848}.Release|x64.Build.0 = Release|x64
	EndGlobalSection
	GlobalSection(SolutionProperties) = preSolution
		HideSolutionNode = FALSE
	EndGlobalSection
EndGlobal
