// !$*UTF8*$!
{
	archiveVersion = 1;
	classes = {
	};
	objectVersion = 46;
	objects = {

/* Begin PBXBuildFile section */
		4D35EB081DC86DD200018D55 /* libRadeonProRender64.dylib in Frameworks */ = {isa = PBXBuildFile; fileRef = 4D35EB071DC86DD200018D55 /* libRadeonProRender64.dylib */; };
		8DB7F72A20126665002CB9CE /* rprTrace_play2.cpp in Sources */ = {isa = PBXBuildFile; fileRef = 8DB7F72320126665002CB9CE /* rprTrace_play2.cpp */; };
		8DB7F72B20126665002CB9CE /* rprTrace_play3.cpp in Sources */ = {isa = PBXBuildFile; fileRef = 8DB7F72420126665002CB9CE /* rprTrace_play3.cpp */; };
		8DB7F72C20126665002CB9CE /* rprTrace_play4.cpp in Sources */ = {isa = PBXBuildFile; fileRef = 8DB7F72520126665002CB9CE /* rprTrace_play4.cpp */; };
		8DB7F72D20126665002CB9CE /* rprTrace_player.cpp in Sources */ = {isa = PBXBuildFile; fileRef = 8DB7F72620126665002CB9CE /* rprTrace_player.cpp */; };
/* End PBXBuildFile section */

/* Begin PBXCopyFilesBuildPhase section */
		4DFD95AE1DC70AEE00F4F411 /* CopyFiles */ = {
			isa = PBXCopyFilesBuildPhase;
			buildActionMask = 2147483647;
			dstPath = /usr/share/man/man1/;
			dstSubfolderSpec = 0;
			files = (
			);
			runOnlyForDeploymentPostprocessing = 1;
		};
/* End PBXCopyFilesBuildPhase section */

/* Begin PBXFileReference section */
		4D35EB071DC86DD200018D55 /* libRadeonProRender64.dylib */ = {isa = PBXFileReference; lastKnownFileType = "compiled.mach-o.dylib"; name = libRadeonProRender64.dylib; path = lib/libRadeonProRender64.dylib; sourceTree = "<group>"; };
		4DFD95B01DC70AEE00F4F411 /* TraceRPR */ = {isa = PBXFileReference; explicitFileType = "compiled.mach-o.executable"; includeInIndex = 0; path = TraceRPR; sourceTree = BUILT_PRODUCTS_DIR; };
		8DB7F72320126665002CB9CE /* rprTrace_play2.cpp */ = {isa = PBXFileReference; fileEncoding = 4; lastKnownFileType = sourcecode.cpp.cpp; name = rprTrace_play2.cpp; path = Local/rprTrace_play2.cpp; sourceTree = SOURCE_ROOT; };
		8DB7F72420126665002CB9CE /* rprTrace_play3.cpp */ = {isa = PBXFileReference; fileEncoding = 4; lastKnownFileType = sourcecode.cpp.cpp; name = rprTrace_play3.cpp; path = Local/rprTrace_play3.cpp; sourceTree = SOURCE_ROOT; };
		8DB7F72520126665002CB9CE /* rprTrace_play4.cpp */ = {isa = PBXFileReference; fileEncoding = 4; lastKnownFileType = sourcecode.cpp.cpp; name = rprTrace_play4.cpp; path = Local/rprTrace_play4.cpp; sourceTree = SOURCE_ROOT; };
		8DB7F72620126665002CB9CE /* rprTrace_player.cpp */ = {isa = PBXFileReference; fileEncoding = 4; lastKnownFileType = sourcecode.cpp.cpp; name = rprTrace_player.cpp; path = Local/rprTrace_player.cpp; sourceTree = SOURCE_ROOT; };
		8DB7F72720126665002CB9CE /* rprTrace_player.h */ = {isa = PBXFileReference; fileEncoding = 4; lastKnownFileType = sourcecode.c.h; name = rprTrace_player.h; path = Local/rprTrace_player.h; sourceTree = SOURCE_ROOT; };
		8DB7F72820126665002CB9CE /* rprTrace_playList.h */ = {isa = PBXFileReference; fileEncoding = 4; lastKnownFileType = sourcecode.c.h; name = rprTrace_playList.h; path = Local/rprTrace_playList.h; sourceTree = SOURCE_ROOT; };
		8DB7F72920126665002CB9CE /* rprTrace_variables.h */ = {isa = PBXFileReference; fileEncoding = 4; lastKnownFileType = sourcecode.c.h; name = rprTrace_variables.h; path = Local/rprTrace_variables.h; sourceTree = SOURCE_ROOT; };
/* End PBXFileReference section */

/* Begin PBXFrameworksBuildPhase section */
		4DFD95AD1DC70AEE00F4F411 /* Frameworks */ = {
			isa = PBXFrameworksBuildPhase;
			buildActionMask = 2147483647;
			files = (
				4D35EB081DC86DD200018D55 /* libRadeonProRender64.dylib in Frameworks */,
			);
			runOnlyForDeploymentPostprocessing = 0;
		};
/* End PBXFrameworksBuildPhase section */

/* Begin PBXGroup section */
		4DE196D91DC7733200E4101D /* Local */ = {
			isa = PBXGroup;
			children = (
				8DB7F72320126665002CB9CE /* rprTrace_play2.cpp */,
				8DB7F72420126665002CB9CE /* rprTrace_play3.cpp */,
				8DB7F72520126665002CB9CE /* rprTrace_play4.cpp */,
				8DB7F72620126665002CB9CE /* rprTrace_player.cpp */,
				8DB7F72720126665002CB9CE /* rprTrace_player.h */,
				8DB7F72820126665002CB9CE /* rprTrace_playList.h */,
				8DB7F72920126665002CB9CE /* rprTrace_variables.h */,
			);
			name = Local;
			path = TraceRPR;
			sourceTree = "<group>";
		};
		4DE196DA1DC775E100E4101D /* Frameworks */ = {
			isa = PBXGroup;
			children = (
				4D35EB071DC86DD200018D55 /* libRadeonProRender64.dylib */,
			);
			name = Frameworks;
			sourceTree = "<group>";
		};
		4DFD95A71DC70AEE00F4F411 = {
			isa = PBXGroup;
			children = (
				4DE196D91DC7733200E4101D /* Local */,
				4DFD95B11DC70AEE00F4F411 /* Products */,
				4DE196DA1DC775E100E4101D /* Frameworks */,
			);
			sourceTree = "<group>";
		};
		4DFD95B11DC70AEE00F4F411 /* Products */ = {
			isa = PBXGroup;
			children = (
				4DFD95B01DC70AEE00F4F411 /* TraceRPR */,
			);
			name = Products;
			sourceTree = "<group>";
		};
/* End PBXGroup section */

/* Begin PBXNativeTarget section */
		4DFD95AF1DC70AEE00F4F411 /* TraceRPR */ = {
			isa = PBXNativeTarget;
			buildConfigurationList = 4DFD95B71DC70AEE00F4F411 /* Build configuration list for PBXNativeTarget "TraceRPR" */;
			buildPhases = (
				4DFD95AC1DC70AEE00F4F411 /* Sources */,
				4DFD95AD1DC70AEE00F4F411 /* Frameworks */,
				4DFD95AE1DC70AEE00F4F411 /* CopyFiles */,
			);
			buildRules = (
			);
			dependencies = (
			);
			name = TraceRPR;
			productName = TraceRPR;
			productReference = 4DFD95B01DC70AEE00F4F411 /* TraceRPR */;
			productType = "com.apple.product-type.tool";
		};
/* End PBXNativeTarget section */

/* Begin PBXProject section */
		4DFD95A81DC70AEE00F4F411 /* Project object */ = {
			isa = PBXProject;
			attributes = {
				LastUpgradeCheck = 0810;
				ORGANIZATIONNAME = "Mark Pursey";
				TargetAttributes = {
					4DFD95AF1DC70AEE00F4F411 = {
						CreatedOnToolsVersion = 8.1;
						ProvisioningStyle = Automatic;
					};
				};
			};
			buildConfigurationList = 4DFD95AB1DC70AEE00F4F411 /* Build configuration list for PBXProject "TraceRPR" */;
			compatibilityVersion = "Xcode 3.2";
			developmentRegion = English;
			hasScannedForEncodings = 0;
			knownRegions = (
				en,
			);
			mainGroup = 4DFD95A71DC70AEE00F4F411;
			productRefGroup = 4DFD95B11DC70AEE00F4F411 /* Products */;
			projectDirPath = "";
			projectRoot = "";
			targets = (
				4DFD95AF1DC70AEE00F4F411 /* TraceRPR */,
			);
		};
/* End PBXProject section */

/* Begin PBXSourcesBuildPhase section */
		4DFD95AC1DC70AEE00F4F411 /* Sources */ = {
			isa = PBXSourcesBuildPhase;
			buildActionMask = 2147483647;
			files = (
				8DB7F72C20126665002CB9CE /* rprTrace_play4.cpp in Sources */,
				8DB7F72B20126665002CB9CE /* rprTrace_play3.cpp in Sources */,
				8DB7F72A20126665002CB9CE /* rprTrace_play2.cpp in Sources */,
				8DB7F72D20126665002CB9CE /* rprTrace_player.cpp in Sources */,
			);
			runOnlyForDeploymentPostprocessing = 0;
		};
/* End PBXSourcesBuildPhase section */

/* Begin XCBuildConfiguration section */
		4DFD95B51DC70AEE00F4F411 /* Debug */ = {
			isa = XCBuildConfiguration;
			buildSettings = {
				ALWAYS_SEARCH_USER_PATHS = NO;
				CLANG_ANALYZER_NONNULL = YES;
				CLANG_CXX_LANGUAGE_STANDARD = "gnu++0x";
				CLANG_CXX_LIBRARY = "libc++";
				CLANG_ENABLE_MODULES = YES;
				CLANG_ENABLE_OBJC_ARC = YES;
				CLANG_WARN_BOOL_CONVERSION = YES;
				CLANG_WARN_CONSTANT_CONVERSION = YES;
				CLANG_WARN_DIRECT_OBJC_ISA_USAGE = YES_ERROR;
				CLANG_WARN_DOCUMENTATION_COMMENTS = YES;
				CLANG_WARN_EMPTY_BODY = YES;
				CLANG_WARN_ENUM_CONVERSION = YES;
				CLANG_WARN_INFINITE_RECURSION = YES;
				CLANG_WARN_INT_CONVERSION = YES;
				CLANG_WARN_OBJC_ROOT_CLASS = YES_ERROR;
				CLANG_WARN_SUSPICIOUS_MOVES = YES;
				CLANG_WARN_UNREACHABLE_CODE = YES;
				CLANG_WARN__DUPLICATE_METHOD_MATCH = YES;
				CODE_SIGN_IDENTITY = "-";
				COPY_PHASE_STRIP = NO;
				DEBUG_INFORMATION_FORMAT = dwarf;
				ENABLE_STRICT_OBJC_MSGSEND = YES;
				ENABLE_TESTABILITY = YES;
				GCC_C_LANGUAGE_STANDARD = gnu99;
				GCC_DYNAMIC_NO_PIC = NO;
				GCC_NO_COMMON_BLOCKS = YES;
				GCC_OPTIMIZATION_LEVEL = 0;
				GCC_PREPROCESSOR_DEFINITIONS = (
					"FR_DEV=1",
					"DEBUG=1",
					"$(inherited)",
				);
				GCC_WARN_64_TO_32_BIT_CONVERSION = YES;
				GCC_WARN_ABOUT_RETURN_TYPE = YES_ERROR;
				GCC_WARN_UNDECLARED_SELECTOR = YES;
				GCC_WARN_UNINITIALIZED_AUTOS = YES_AGGRESSIVE;
				GCC_WARN_UNUSED_FUNCTION = YES;
				GCC_WARN_UNUSED_VARIABLE = YES;
				HEADER_SEARCH_PATHS = "../../ThirdParty/RadeonProRender\\ SDK/Mac/inc";
				LIBRARY_SEARCH_PATHS = "../../ThirdParty/RadeonProRender\\ SDK/Mac/lib";
				MACOSX_DEPLOYMENT_TARGET = 10.11;
				MTL_ENABLE_DEBUG_INFO = YES;
				ONLY_ACTIVE_ARCH = YES;
				SDKROOT = macosx;
			};
			name = Debug;
		};
		4DFD95B61DC70AEE00F4F411 /* Release */ = {
			isa = XCBuildConfiguration;
			buildSettings = {
				ALWAYS_SEARCH_USER_PATHS = NO;
				CLANG_ANALYZER_NONNULL = YES;
				CLANG_CXX_LANGUAGE_STANDARD = "gnu++0x";
				CLANG_CXX_LIBRARY = "libc++";
				CLANG_ENABLE_MODULES = YES;
				CLANG_ENABLE_OBJC_ARC = YES;
				CLANG_WARN_BOOL_CONVERSION = YES;
				CLANG_WARN_CONSTANT_CONVERSION = YES;
				CLANG_WARN_DIRECT_OBJC_ISA_USAGE = YES_ERROR;
				CLANG_WARN_DOCUMENTATION_COMMENTS = YES;
				CLANG_WARN_EMPTY_BODY = YES;
				CLANG_WARN_ENUM_CONVERSION = YES;
				CLANG_WARN_INFINITE_RECURSION = YES;
				CLANG_WARN_INT_CONVERSION = YES;
				CLANG_WARN_OBJC_ROOT_CLASS = YES_ERROR;
				CLANG_WARN_SUSPICIOUS_MOVES = YES;
				CLANG_WARN_UNREACHABLE_CODE = YES;
				CLANG_WARN__DUPLICATE_METHOD_MATCH = YES;
				CODE_SIGN_IDENTITY = "-";
				COPY_PHASE_STRIP = NO;
				DEBUG_INFORMATION_FORMAT = "dwarf-with-dsym";
				ENABLE_NS_ASSERTIONS = NO;
				ENABLE_STRICT_OBJC_MSGSEND = YES;
				GCC_C_LANGUAGE_STANDARD = gnu99;
				GCC_NO_COMMON_BLOCKS = YES;
				GCC_WARN_64_TO_32_BIT_CONVERSION = YES;
				GCC_WARN_ABOUT_RETURN_TYPE = YES_ERROR;
				GCC_WARN_UNDECLARED_SELECTOR = YES;
				GCC_WARN_UNINITIALIZED_AUTOS = YES_AGGRESSIVE;
				GCC_WARN_UNUSED_FUNCTION = YES;
				GCC_WARN_UNUSED_VARIABLE = YES;
				HEADER_SEARCH_PATHS = "../../ThirdParty/RadeonProRender\\ SDK/Mac/inc";
				LIBRARY_SEARCH_PATHS = "../../ThirdParty/RadeonProRender\\ SDK/Mac/lib";
				MACOSX_DEPLOYMENT_TARGET = 10.11;
				MTL_ENABLE_DEBUG_INFO = NO;
				ONLY_ACTIVE_ARCH = YES;
				SDKROOT = macosx;
			};
			name = Release;
		};
		4DFD95B81DC70AEE00F4F411 /* Debug */ = {
			isa = XCBuildConfiguration;
			buildSettings = {
				LIBRARY_SEARCH_PATHS = (
					"$(inherited)",
					"$(PROJECT_DIR)/lib",
				);
				PRODUCT_NAME = "$(TARGET_NAME)";
			};
			name = Debug;
		};
		4DFD95B91DC70AEE00F4F411 /* Release */ = {
			isa = XCBuildConfiguration;
			buildSettings = {
				LIBRARY_SEARCH_PATHS = (
					"$(inherited)",
					"$(PROJECT_DIR)/lib",
				);
				PRODUCT_NAME = "$(TARGET_NAME)";
			};
			name = Release;
		};
/* End XCBuildConfiguration section */

/* Begin XCConfigurationList section */
		4DFD95AB1DC70AEE00F4F411 /* Build configuration list for PBXProject "TraceRPR" */ = {
			isa = XCConfigurationList;
			buildConfigurations = (
				4DFD95B51DC70AEE00F4F411 /* Debug */,
				4DFD95B61DC70AEE00F4F411 /* Release */,
			);
			defaultConfigurationIsVisible = 0;
			defaultConfigurationName = Release;
		};
		4DFD95B71DC70AEE00F4F411 /* Build configuration list for PBXNativeTarget "TraceRPR" */ = {
			isa = XCConfigurationList;
			buildConfigurations = (
				4DFD95B81DC70AEE00F4F411 /* Debug */,
				4DFD95B91DC70AEE00F4F411 /* Release */,
			);
			defaultConfigurationIsVisible = 0;
			defaultConfigurationName = Release;
		};
/* End XCConfigurationList section */
	};
	rootObject = 4DFD95A81DC70AEE00F4F411 /* Project object */;
}
